
Microsoft Visual Studio Solution File, Format Version 12.00
# Visual Studio Version 17
VisualStudioVersion = 17.4.33213.308
MinimumVisualStudioVersion = 10.0.40219.1
Project("{FAE04EC0-301F-11D3-BF4B-00C04F79EFBC}") = "Task2", "Task2\Task2.csproj", "{561069D2-DCA9-4070-9E70-3E103C1E4C64}"
EndProject
Project("{FAE04EC0-301F-11D3-BF4B-00C04F79EFBC}") = "Task3", "Task3\Task3.csproj", "{1E3DB751-EB88-4B8B-AD08-2603C57D92B5}"
EndProject
Global
	GlobalSection(SolutionConfigurationPlatforms) = preSolution
		Debug|Any CPU = Debug|Any CPU
		Release|Any CPU = Release|Any CPU
	EndGlobalSection
	GlobalSection(ProjectConfigurationPlatforms) = postSolution
		{561069D2-DCA9-4070-9E70-3E103C1E4C64}.Debug|Any CPU.ActiveCfg = Debug|Any CPU
		{561069D2-DCA9-4070-9E70-3E103C1E4C64}.Debug|Any CPU.Build.0 = Debug|Any CPU
		{561069D2-DCA9-4070-9E70-3E103C1E4C64}.Release|Any CPU.ActiveCfg = Release|Any CPU
		{561069D2-DCA9-4070-9E70-3E103C1E4C64}.Release|Any CPU.Build.0 = Release|Any CPU
		{1E3DB751-EB88-4B8B-AD08-2603C57D92B5}.Debug|Any CPU.ActiveCfg = Debug|Any CPU
		{1E3DB751-EB88-4B8B-AD08-2603C57D92B5}.Debug|Any CPU.Build.0 = Debug|Any CPU
		{1E3DB751-EB88-4B8B-AD08-2603C57D92B5}.Release|Any CPU.ActiveCfg = Release|Any CPU
		{1E3DB751-EB88-4B8B-AD08-2603C57D92B5}.Release|Any CPU.Build.0 = Release|Any CPU
	EndGlobalSection
	GlobalSection(SolutionProperties) = preSolution
		HideSolutionNode = FALSE
	EndGlobalSection
	GlobalSection(ExtensibilityGlobals) = postSolution
		SolutionGuid = {56A7D7E6-3E72-411C-90F6-11CAC62B664C}
	EndGlobalSection
EndGlobal
